
Microsoft Visual Studio Solution File, Format Version 12.00
# Visual Studio 15
VisualStudioVersion = 15.0.27428.2027
MinimumVisualStudioVersion = 10.0.40219.1
Project("{8BC9CEB8-8B4A-11D0-8D11-00A0C91BC942}") = "InverseTaskNew", "InverseTaskNew\InverseTaskNew.vcxproj", "{CA1EB6F3-D11B-421D-988D-A70D569AFEE7}"
EndProject
Project("{8BC9CEB8-8B4A-11D0-8D11-00A0C91BC942}") = "InverseTaskTest", "InverseTaskTest\InverseTaskTest.vcxproj", "{8F6A0018-E407-4476-9D09-D8A8B73AC855}"
	ProjectSection(ProjectDependencies) = postProject
		{CA1EB6F3-D11B-421D-988D-A70D569AFEE7} = {CA1EB6F3-D11B-421D-988D-A70D569AFEE7}
	EndProjectSection
EndProject
Global
	GlobalSection(SolutionConfigurationPlatforms) = preSolution
		Debug|x64 = Debug|x64
		Debug|x86 = Debug|x86
		Release|x64 = Release|x64
		Release|x86 = Release|x86
	EndGlobalSection
	GlobalSection(ProjectConfigurationPlatforms) = postSolution
		{CA1EB6F3-D11B-421D-988D-A70D569AFEE7}.Debug|x64.ActiveCfg = Debug|x64
		{CA1EB6F3-D11B-421D-988D-A70D569AFEE7}.Debug|x64.Build.0 = Debug|x64
		{CA1EB6F3-D11B-421D-988D-A70D569AFEE7}.Debug|x86.ActiveCfg = Debug|Win32
		{CA1EB6F3-D11B-421D-988D-A70D569AFEE7}.Debug|x86.Build.0 = Debug|Win32
		{CA1EB6F3-D11B-421D-988D-A70D569AFEE7}.Release|x64.ActiveCfg = Release|x64
		{CA1EB6F3-D11B-421D-988D-A70D569AFEE7}.Release|x64.Build.0 = Release|x64
		{CA1EB6F3-D11B-421D-988D-A70D569AFEE7}.Release|x86.ActiveCfg = Release|Win32
		{CA1EB6F3-D11B-421D-988D-A70D569AFEE7}.Release|x86.Build.0 = Release|Win32
		{8F6A0018-E407-4476-9D09-D8A8B73AC855}.Debug|x64.ActiveCfg = Debug|x64
		{8F6A0018-E407-4476-9D09-D8A8B73AC855}.Debug|x64.Build.0 = Debug|x64
		{8F6A0018-E407-4476-9D09-D8A8B73AC855}.Debug|x86.ActiveCfg = Debug|Win32
		{8F6A0018-E407-4476-9D09-D8A8B73AC855}.Debug|x86.Build.0 = Debug|Win32
		{8F6A0018-E407-4476-9D09-D8A8B73AC855}.Release|x64.ActiveCfg = Release|x64
		{8F6A0018-E407-4476-9D09-D8A8B73AC855}.Release|x64.Build.0 = Release|x64
		{8F6A0018-E407-4476-9D09-D8A8B73AC855}.Release|x86.ActiveCfg = Release|Win32
		{8F6A0018-E407-4476-9D09-D8A8B73AC855}.Release|x86.Build.0 = Release|Win32
	EndGlobalSection
	GlobalSection(SolutionProperties) = preSolution
		HideSolutionNode = FALSE
	EndGlobalSection
	GlobalSection(ExtensibilityGlobals) = postSolution
		SolutionGuid = {B8840ABE-8E8F-4B6D-A4C8-D9522C6A45FB}
	EndGlobalSection
EndGlobal
